
Microsoft Visual Studio Solution File, Format Version 12.00
# Visual Studio Version 16
VisualStudioVersion = 16.0.29306.81
MinimumVisualStudioVersion = 10.0.40219.1
Project("{9A19103F-16F7-4668-BE54-9A1E7A4F7556}") = "Core.NetCore", "Core.NetCore\Core.NetCore.csproj", "{21C79151-5155-414B-854B-056BE59AF51D}"
EndProject
Project("{FAE04EC0-301F-11D3-BF4B-00C04F79EFBC}") = "Core.NetFramework", "Core.NetFramework\Core.NetFramework.csproj", "{CDB4AB43-2C21-4AFA-9E69-4D586FD6AEEE}"
EndProject
Project("{9A19103F-16F7-4668-BE54-9A1E7A4F7556}") = "Base.NetCore", "Base.NetCore\Base.NetCore.csproj", "{8F437BDE-FCFE-4029-9389-D56A3D69433B}"
EndProject
Project("{FAE04EC0-301F-11D3-BF4B-00C04F79EFBC}") = "Base.NetFramework", "Base.NetFramework\Base.NetFramework.csproj", "{FACC0BA0-D424-46F7-98FD-A791DE500D4B}"
EndProject
Project("{9A19103F-16F7-4668-BE54-9A1E7A4F7556}") = "Standalone.NetCore", "Standalone.NetCore\Standalone.NetCore.csproj", "{F826EB1B-39EC-4E12-86D2-AED9A69FC01A}"
EndProject
Project("{FAE04EC0-301F-11D3-BF4B-00C04F79EFBC}") = "Standalone.NetFramework", "Standalone.NetFramework\Standalone.NetFramework.csproj", "{3EEF32E1-850F-4096-96F7-03898B2B57DB}"
EndProject
Project("{9A19103F-16F7-4668-BE54-9A1E7A4F7556}") = "Database.NetCore", "Database.NetCore\Database.NetCore.csproj", "{626FE38E-5FC0-4013-8233-F531566DFFB2}"
EndProject
Project("{FAE04EC0-301F-11D3-BF4B-00C04F79EFBC}") = "Database.NetFramework", "Database.NetFramework\Database.NetFramework.csproj", "{E166DFB0-6588-4781-AFD7-40C6734C97B1}"
EndProject
Global
	GlobalSection(SolutionConfigurationPlatforms) = preSolution
		Debug|Any CPU = Debug|Any CPU
		Release|Any CPU = Release|Any CPU
	EndGlobalSection
	GlobalSection(ProjectConfigurationPlatforms) = postSolution
		{21C79151-5155-414B-854B-056BE59AF51D}.Debug|Any CPU.ActiveCfg = Debug|Any CPU
		{21C79151-5155-414B-854B-056BE59AF51D}.Debug|Any CPU.Build.0 = Debug|Any CPU
		{21C79151-5155-414B-854B-056BE59AF51D}.Release|Any CPU.ActiveCfg = Release|Any CPU
		{21C79151-5155-414B-854B-056BE59AF51D}.Release|Any CPU.Build.0 = Release|Any CPU
		{CDB4AB43-2C21-4AFA-9E69-4D586FD6AEEE}.Debug|Any CPU.ActiveCfg = Debug|Any CPU
		{CDB4AB43-2C21-4AFA-9E69-4D586FD6AEEE}.Debug|Any CPU.Build.0 = Debug|Any CPU
		{CDB4AB43-2C21-4AFA-9E69-4D586FD6AEEE}.Release|Any CPU.ActiveCfg = Release|Any CPU
		{CDB4AB43-2C21-4AFA-9E69-4D586FD6AEEE}.Release|Any CPU.Build.0 = Release|Any CPU
		{8F437BDE-FCFE-4029-9389-D56A3D69433B}.Debug|Any CPU.ActiveCfg = Debug|Any CPU
		{8F437BDE-FCFE-4029-9389-D56A3D69433B}.Debug|Any CPU.Build.0 = Debug|Any CPU
		{8F437BDE-FCFE-4029-9389-D56A3D69433B}.Release|Any CPU.ActiveCfg = Release|Any CPU
		{8F437BDE-FCFE-4029-9389-D56A3D69433B}.Release|Any CPU.Build.0 = Release|Any CPU
		{FACC0BA0-D424-46F7-98FD-A791DE500D4B}.Debug|Any CPU.ActiveCfg = Debug|Any CPU
		{FACC0BA0-D424-46F7-98FD-A791DE500D4B}.Debug|Any CPU.Build.0 = Debug|Any CPU
		{FACC0BA0-D424-46F7-98FD-A791DE500D4B}.Release|Any CPU.ActiveCfg = Release|Any CPU
		{FACC0BA0-D424-46F7-98FD-A791DE500D4B}.Release|Any CPU.Build.0 = Release|Any CPU
		{F826EB1B-39EC-4E12-86D2-AED9A69FC01A}.Debug|Any CPU.ActiveCfg = Debug|Any CPU
		{F826EB1B-39EC-4E12-86D2-AED9A69FC01A}.Debug|Any CPU.Build.0 = Debug|Any CPU
		{F826EB1B-39EC-4E12-86D2-AED9A69FC01A}.Release|Any CPU.ActiveCfg = Release|Any CPU
		{F826EB1B-39EC-4E12-86D2-AED9A69FC01A}.Release|Any CPU.Build.0 = Release|Any CPU
		{3EEF32E1-850F-4096-96F7-03898B2B57DB}.Debug|Any CPU.ActiveCfg = Debug|Any CPU
		{3EEF32E1-850F-4096-96F7-03898B2B57DB}.Debug|Any CPU.Build.0 = Debug|Any CPU
		{3EEF32E1-850F-4096-96F7-03898B2B57DB}.Release|Any CPU.ActiveCfg = Release|Any CPU
		{3EEF32E1-850F-4096-96F7-03898B2B57DB}.Release|Any CPU.Build.0 = Release|Any CPU
		{626FE38E-5FC0-4013-8233-F531566DFFB2}.Debug|Any CPU.ActiveCfg = Debug|Any CPU
		{626FE38E-5FC0-4013-8233-F531566DFFB2}.Debug|Any CPU.Build.0 = Debug|Any CPU
		{626FE38E-5FC0-4013-8233-F531566DFFB2}.Release|Any CPU.ActiveCfg = Release|Any CPU
		{626FE38E-5FC0-4013-8233-F531566DFFB2}.Release|Any CPU.Build.0 = Release|Any CPU
		{E166DFB0-6588-4781-AFD7-40C6734C97B1}.Debug|Any CPU.ActiveCfg = Debug|Any CPU
		{E166DFB0-6588-4781-AFD7-40C6734C97B1}.Debug|Any CPU.Build.0 = Debug|Any CPU
		{E166DFB0-6588-4781-AFD7-40C6734C97B1}.Release|Any CPU.ActiveCfg = Release|Any CPU
		{E166DFB0-6588-4781-AFD7-40C6734C97B1}.Release|Any CPU.Build.0 = Release|Any CPU
	EndGlobalSection
	GlobalSection(SolutionProperties) = preSolution
		HideSolutionNode = FALSE
	EndGlobalSection
	GlobalSection(ExtensibilityGlobals) = postSolution
		SolutionGuid = {3673F0D0-24A0-4FE0-A24A-90130693360C}
	EndGlobalSection
EndGlobal
