
Microsoft Visual Studio Solution File, Format Version 12.00
# Visual Studio Version 16
VisualStudioVersion = 16.0.29306.81
MinimumVisualStudioVersion = 10.0.40219.1
Project("{2150E333-8FDC-42A3-9474-1A3956D46DE8}") = "NetCore", "NetCore", "{6EDFED4D-52D5-4983-98F0-75E0CA2679CE}"
EndProject
Project("{2150E333-8FDC-42A3-9474-1A3956D46DE8}") = "NetFramework", "NetFramework", "{7F47B2D3-0D8C-4E4A-A014-BC6936A7C91C}"
EndProject
Project("{2150E333-8FDC-42A3-9474-1A3956D46DE8}") = "Client", "Client", "{92F16257-4EC2-47B5-AE87-48127C9EDD10}"
EndProject
Project("{FAE04EC0-301F-11D3-BF4B-00C04F79EFBC}") = "Base.NetFramework", "NetFramework\Base\Base.NetFramework.csproj", "{FACC0BA0-D424-46F7-98FD-A791DE500D4B}"
EndProject
Project("{FAE04EC0-301F-11D3-BF4B-00C04F79EFBC}") = "Database.NetFramework", "NetFramework\Database\Database.NetFramework.csproj", "{E166DFB0-6588-4781-AFD7-40C6734C97B1}"
EndProject
Project("{FAE04EC0-301F-11D3-BF4B-00C04F79EFBC}") = "Standalone.NetFramework", "NetFramework\Standalone\Standalone.NetFramework.csproj", "{3EEF32E1-850F-4096-96F7-03898B2B57DB}"
EndProject
Project("{9A19103F-16F7-4668-BE54-9A1E7A4F7556}") = "Base.NetCore", "NetCore\Base\Base.NetCore.csproj", "{BB773A77-5609-474E-8FED-DDDEA88750BB}"
EndProject
Project("{9A19103F-16F7-4668-BE54-9A1E7A4F7556}") = "Core.NetCore", "NetCore\Core\Core.NetCore.csproj", "{0A0327DF-EC07-4883-AD54-293403BEFE11}"
EndProject
Project("{9A19103F-16F7-4668-BE54-9A1E7A4F7556}") = "Database.NetCore", "NetCore\Database\Database.NetCore.csproj", "{52E568BC-5E04-407D-954A-3D259E036DF7}"
EndProject
Project("{9A19103F-16F7-4668-BE54-9A1E7A4F7556}") = "Standalone.NetCore", "NetCore\Standalone\Standalone.NetCore.csproj", "{D2D3E7FC-1365-4886-8C92-DB681E371CC6}"
EndProject
Project("{FAE04EC0-301F-11D3-BF4B-00C04F79EFBC}") = "Client", "Client\Client\Client.csproj", "{2C9B4367-62F4-4FDC-BB82-81ED4DE8E5BF}"
EndProject
Project("{FAE04EC0-301F-11D3-BF4B-00C04F79EFBC}") = "Common.NetFramework", "NetFramework\Common\Common.NetFramework.csproj", "{ED3F4C47-2ABF-43D5-85FE-E54D15924899}"
EndProject
Project("{9A19103F-16F7-4668-BE54-9A1E7A4F7556}") = "Common.NetCore", "NetCore\Common\Common.NetCore.csproj", "{B32E8AAD-DF08-40AE-9BA6-1791F655E6B5}"
EndProject
Project("{FAE04EC0-301F-11D3-BF4B-00C04F79EFBC}") = "Core.NetFramework", "NetFramework\Core\Core.NetFramework.csproj", "{CDB4AB43-2C21-4AFA-9E69-4D586FD6AEEE}"
EndProject
Project("{2150E333-8FDC-42A3-9474-1A3956D46DE8}") = "Tests", "Tests", "{12536DFB-4732-4A74-8985-0B2AA11800A5}"
EndProject
Project("{FAE04EC0-301F-11D3-BF4B-00C04F79EFBC}") = "ClientTest", "Tests\ClientTest\ClientTest.csproj", "{BE8448F4-75ED-42AB-8609-28CFBFC55B29}"
EndProject
Project("{FAE04EC0-301F-11D3-BF4B-00C04F79EFBC}") = "ServerTest", "Tests\ServerTest\ServerTest.csproj", "{1A9D1AB1-CA13-43B8-BE04-2B8C1C969550}"
EndProject
Project("{FAE04EC0-301F-11D3-BF4B-00C04F79EFBC}") = "MasterBalancer.NetFramework", "NetFramework\MasterBalancer\MasterBalancer.NetFramework.csproj", "{EBF1812B-F5B5-411F-B4A1-D5BA0CF98D67}"
EndProject
Global
	GlobalSection(SolutionConfigurationPlatforms) = preSolution
		Debug|Any CPU = Debug|Any CPU
		Release|Any CPU = Release|Any CPU
	EndGlobalSection
	GlobalSection(ProjectConfigurationPlatforms) = postSolution
		{FACC0BA0-D424-46F7-98FD-A791DE500D4B}.Debug|Any CPU.ActiveCfg = Debug|Any CPU
		{FACC0BA0-D424-46F7-98FD-A791DE500D4B}.Debug|Any CPU.Build.0 = Debug|Any CPU
		{FACC0BA0-D424-46F7-98FD-A791DE500D4B}.Release|Any CPU.ActiveCfg = Release|Any CPU
		{FACC0BA0-D424-46F7-98FD-A791DE500D4B}.Release|Any CPU.Build.0 = Release|Any CPU
		{E166DFB0-6588-4781-AFD7-40C6734C97B1}.Debug|Any CPU.ActiveCfg = Debug|Any CPU
		{E166DFB0-6588-4781-AFD7-40C6734C97B1}.Debug|Any CPU.Build.0 = Debug|Any CPU
		{E166DFB0-6588-4781-AFD7-40C6734C97B1}.Release|Any CPU.ActiveCfg = Release|Any CPU
		{E166DFB0-6588-4781-AFD7-40C6734C97B1}.Release|Any CPU.Build.0 = Release|Any CPU
		{3EEF32E1-850F-4096-96F7-03898B2B57DB}.Debug|Any CPU.ActiveCfg = Debug|Any CPU
		{3EEF32E1-850F-4096-96F7-03898B2B57DB}.Debug|Any CPU.Build.0 = Debug|Any CPU
		{3EEF32E1-850F-4096-96F7-03898B2B57DB}.Release|Any CPU.ActiveCfg = Release|Any CPU
		{3EEF32E1-850F-4096-96F7-03898B2B57DB}.Release|Any CPU.Build.0 = Release|Any CPU
		{BB773A77-5609-474E-8FED-DDDEA88750BB}.Debug|Any CPU.ActiveCfg = Debug|Any CPU
		{BB773A77-5609-474E-8FED-DDDEA88750BB}.Debug|Any CPU.Build.0 = Debug|Any CPU
		{BB773A77-5609-474E-8FED-DDDEA88750BB}.Release|Any CPU.ActiveCfg = Release|Any CPU
		{BB773A77-5609-474E-8FED-DDDEA88750BB}.Release|Any CPU.Build.0 = Release|Any CPU
		{0A0327DF-EC07-4883-AD54-293403BEFE11}.Debug|Any CPU.ActiveCfg = Debug|Any CPU
		{0A0327DF-EC07-4883-AD54-293403BEFE11}.Debug|Any CPU.Build.0 = Debug|Any CPU
		{0A0327DF-EC07-4883-AD54-293403BEFE11}.Release|Any CPU.ActiveCfg = Release|Any CPU
		{0A0327DF-EC07-4883-AD54-293403BEFE11}.Release|Any CPU.Build.0 = Release|Any CPU
		{52E568BC-5E04-407D-954A-3D259E036DF7}.Debug|Any CPU.ActiveCfg = Debug|Any CPU
		{52E568BC-5E04-407D-954A-3D259E036DF7}.Debug|Any CPU.Build.0 = Debug|Any CPU
		{52E568BC-5E04-407D-954A-3D259E036DF7}.Release|Any CPU.ActiveCfg = Release|Any CPU
		{52E568BC-5E04-407D-954A-3D259E036DF7}.Release|Any CPU.Build.0 = Release|Any CPU
		{D2D3E7FC-1365-4886-8C92-DB681E371CC6}.Debug|Any CPU.ActiveCfg = Debug|Any CPU
		{D2D3E7FC-1365-4886-8C92-DB681E371CC6}.Debug|Any CPU.Build.0 = Debug|Any CPU
		{D2D3E7FC-1365-4886-8C92-DB681E371CC6}.Release|Any CPU.ActiveCfg = Release|Any CPU
		{D2D3E7FC-1365-4886-8C92-DB681E371CC6}.Release|Any CPU.Build.0 = Release|Any CPU
		{2C9B4367-62F4-4FDC-BB82-81ED4DE8E5BF}.Debug|Any CPU.ActiveCfg = Debug|Any CPU
		{2C9B4367-62F4-4FDC-BB82-81ED4DE8E5BF}.Debug|Any CPU.Build.0 = Debug|Any CPU
		{2C9B4367-62F4-4FDC-BB82-81ED4DE8E5BF}.Release|Any CPU.ActiveCfg = Release|Any CPU
		{2C9B4367-62F4-4FDC-BB82-81ED4DE8E5BF}.Release|Any CPU.Build.0 = Release|Any CPU
		{ED3F4C47-2ABF-43D5-85FE-E54D15924899}.Debug|Any CPU.ActiveCfg = Debug|Any CPU
		{ED3F4C47-2ABF-43D5-85FE-E54D15924899}.Debug|Any CPU.Build.0 = Debug|Any CPU
		{ED3F4C47-2ABF-43D5-85FE-E54D15924899}.Release|Any CPU.ActiveCfg = Release|Any CPU
		{ED3F4C47-2ABF-43D5-85FE-E54D15924899}.Release|Any CPU.Build.0 = Release|Any CPU
		{B32E8AAD-DF08-40AE-9BA6-1791F655E6B5}.Debug|Any CPU.ActiveCfg = Debug|Any CPU
		{B32E8AAD-DF08-40AE-9BA6-1791F655E6B5}.Debug|Any CPU.Build.0 = Debug|Any CPU
		{B32E8AAD-DF08-40AE-9BA6-1791F655E6B5}.Release|Any CPU.ActiveCfg = Release|Any CPU
		{B32E8AAD-DF08-40AE-9BA6-1791F655E6B5}.Release|Any CPU.Build.0 = Release|Any CPU
		{CDB4AB43-2C21-4AFA-9E69-4D586FD6AEEE}.Debug|Any CPU.ActiveCfg = Debug|Any CPU
		{CDB4AB43-2C21-4AFA-9E69-4D586FD6AEEE}.Debug|Any CPU.Build.0 = Debug|Any CPU
		{CDB4AB43-2C21-4AFA-9E69-4D586FD6AEEE}.Release|Any CPU.ActiveCfg = Release|Any CPU
		{CDB4AB43-2C21-4AFA-9E69-4D586FD6AEEE}.Release|Any CPU.Build.0 = Release|Any CPU
		{BE8448F4-75ED-42AB-8609-28CFBFC55B29}.Debug|Any CPU.ActiveCfg = Debug|Any CPU
		{BE8448F4-75ED-42AB-8609-28CFBFC55B29}.Debug|Any CPU.Build.0 = Debug|Any CPU
		{BE8448F4-75ED-42AB-8609-28CFBFC55B29}.Release|Any CPU.ActiveCfg = Release|Any CPU
		{BE8448F4-75ED-42AB-8609-28CFBFC55B29}.Release|Any CPU.Build.0 = Release|Any CPU
		{1A9D1AB1-CA13-43B8-BE04-2B8C1C969550}.Debug|Any CPU.ActiveCfg = Debug|Any CPU
		{1A9D1AB1-CA13-43B8-BE04-2B8C1C969550}.Debug|Any CPU.Build.0 = Debug|Any CPU
		{1A9D1AB1-CA13-43B8-BE04-2B8C1C969550}.Release|Any CPU.ActiveCfg = Release|Any CPU
		{1A9D1AB1-CA13-43B8-BE04-2B8C1C969550}.Release|Any CPU.Build.0 = Release|Any CPU
		{EBF1812B-F5B5-411F-B4A1-D5BA0CF98D67}.Debug|Any CPU.ActiveCfg = Debug|Any CPU
		{EBF1812B-F5B5-411F-B4A1-D5BA0CF98D67}.Debug|Any CPU.Build.0 = Debug|Any CPU
		{EBF1812B-F5B5-411F-B4A1-D5BA0CF98D67}.Release|Any CPU.ActiveCfg = Release|Any CPU
		{EBF1812B-F5B5-411F-B4A1-D5BA0CF98D67}.Release|Any CPU.Build.0 = Release|Any CPU
	EndGlobalSection
	GlobalSection(SolutionProperties) = preSolution
		HideSolutionNode = FALSE
	EndGlobalSection
	GlobalSection(NestedProjects) = preSolution
		{FACC0BA0-D424-46F7-98FD-A791DE500D4B} = {7F47B2D3-0D8C-4E4A-A014-BC6936A7C91C}
		{E166DFB0-6588-4781-AFD7-40C6734C97B1} = {7F47B2D3-0D8C-4E4A-A014-BC6936A7C91C}
		{3EEF32E1-850F-4096-96F7-03898B2B57DB} = {7F47B2D3-0D8C-4E4A-A014-BC6936A7C91C}
		{BB773A77-5609-474E-8FED-DDDEA88750BB} = {6EDFED4D-52D5-4983-98F0-75E0CA2679CE}
		{0A0327DF-EC07-4883-AD54-293403BEFE11} = {6EDFED4D-52D5-4983-98F0-75E0CA2679CE}
		{52E568BC-5E04-407D-954A-3D259E036DF7} = {6EDFED4D-52D5-4983-98F0-75E0CA2679CE}
		{D2D3E7FC-1365-4886-8C92-DB681E371CC6} = {6EDFED4D-52D5-4983-98F0-75E0CA2679CE}
		{2C9B4367-62F4-4FDC-BB82-81ED4DE8E5BF} = {92F16257-4EC2-47B5-AE87-48127C9EDD10}
		{ED3F4C47-2ABF-43D5-85FE-E54D15924899} = {7F47B2D3-0D8C-4E4A-A014-BC6936A7C91C}
		{B32E8AAD-DF08-40AE-9BA6-1791F655E6B5} = {6EDFED4D-52D5-4983-98F0-75E0CA2679CE}
		{CDB4AB43-2C21-4AFA-9E69-4D586FD6AEEE} = {7F47B2D3-0D8C-4E4A-A014-BC6936A7C91C}
		{BE8448F4-75ED-42AB-8609-28CFBFC55B29} = {12536DFB-4732-4A74-8985-0B2AA11800A5}
		{1A9D1AB1-CA13-43B8-BE04-2B8C1C969550} = {12536DFB-4732-4A74-8985-0B2AA11800A5}
		{EBF1812B-F5B5-411F-B4A1-D5BA0CF98D67} = {7F47B2D3-0D8C-4E4A-A014-BC6936A7C91C}
	EndGlobalSection
	GlobalSection(ExtensibilityGlobals) = postSolution
		SolutionGuid = {3673F0D0-24A0-4FE0-A24A-90130693360C}
	EndGlobalSection
EndGlobal
